
Microsoft Visual Studio Solution File, Format Version 12.00
Project("{FAE04EC0-301F-11D3-BF4B-00C04F79EFBC}") = "MCON368CourseProject", "MCON368CourseProject\MCON368CourseProject.csproj", "{6B64182E-6EC9-4F99-AF87-66993285438E}"
EndProject
Global
	GlobalSection(SolutionConfigurationPlatforms) = preSolution
		Debug|Any CPU = Debug|Any CPU
		Release|Any CPU = Release|Any CPU
	EndGlobalSection
	GlobalSection(ProjectConfigurationPlatforms) = postSolution
		{6B64182E-6EC9-4F99-AF87-66993285438E}.Debug|Any CPU.ActiveCfg = Debug|Any CPU
		{6B64182E-6EC9-4F99-AF87-66993285438E}.Debug|Any CPU.Build.0 = Debug|Any CPU
		{6B64182E-6EC9-4F99-AF87-66993285438E}.Release|Any CPU.ActiveCfg = Release|Any CPU
		{6B64182E-6EC9-4F99-AF87-66993285438E}.Release|Any CPU.Build.0 = Release|Any CPU
	EndGlobalSection
EndGlobal
